
Microsoft Visual Studio Solution File, Format Version 12.00
# Visual Studio Version 16
VisualStudioVersion = 16.0.29123.88
MinimumVisualStudioVersion = 10.0.40219.1
Project("{FAE04EC0-301F-11D3-BF4B-00C04F79EFBC}") = "Cw1", "Cw1.csproj", "{C377D2D0-A684-4CAA-A193-34166158AD58}"
EndProject
Global
	GlobalSection(SolutionConfigurationPlatforms) = preSolution
		Debug|Any CPU = Debug|Any CPU
		Release|Any CPU = Release|Any CPU
	EndGlobalSection
	GlobalSection(ProjectConfigurationPlatforms) = postSolution
		{C377D2D0-A684-4CAA-A193-34166158AD58}.Debug|Any CPU.ActiveCfg = Debug|Any CPU
		{C377D2D0-A684-4CAA-A193-34166158AD58}.Debug|Any CPU.Build.0 = Debug|Any CPU
		{C377D2D0-A684-4CAA-A193-34166158AD58}.Release|Any CPU.ActiveCfg = Release|Any CPU
		{C377D2D0-A684-4CAA-A193-34166158AD58}.Release|Any CPU.Build.0 = Release|Any CPU
	EndGlobalSection
	GlobalSection(SolutionProperties) = preSolution
		HideSolutionNode = FALSE
	EndGlobalSection
	GlobalSection(ExtensibilityGlobals) = postSolution
		SolutionGuid = {B533762D-4EAE-4FCB-AED2-25E32853C0E1}
	EndGlobalSection
EndGlobal
